
Microsoft Visual Studio Solution File, Format Version 12.00
# Visual Studio Version 16
VisualStudioVersion = 16.0.30320.27
MinimumVisualStudioVersion = 10.0.40219.1
Project("{FAE04EC0-301F-11D3-BF4B-00C04F79EFBC}") = "Timer", "Timer\Timer.csproj", "{2D257635-2934-4457-9254-3674FD1A1FC9}"
EndProject
Global
	GlobalSection(SolutionConfigurationPlatforms) = preSolution
		Debug|iPhone = Debug|iPhone
		Debug|iPhoneSimulator = Debug|iPhoneSimulator
		Release|iPhone = Release|iPhone
		Release|iPhoneSimulator = Release|iPhoneSimulator
	EndGlobalSection
	GlobalSection(ProjectConfigurationPlatforms) = postSolution
		{2D257635-2934-4457-9254-3674FD1A1FC9}.Debug|iPhone.ActiveCfg = Debug|iPhone
		{2D257635-2934-4457-9254-3674FD1A1FC9}.Debug|iPhone.Build.0 = Debug|iPhone
		{2D257635-2934-4457-9254-3674FD1A1FC9}.Debug|iPhone.Deploy.0 = Debug|iPhone
		{2D257635-2934-4457-9254-3674FD1A1FC9}.Debug|iPhoneSimulator.ActiveCfg = Debug|iPhoneSimulator
		{2D257635-2934-4457-9254-3674FD1A1FC9}.Debug|iPhoneSimulator.Build.0 = Debug|iPhoneSimulator
		{2D257635-2934-4457-9254-3674FD1A1FC9}.Debug|iPhoneSimulator.Deploy.0 = Debug|iPhoneSimulator
		{2D257635-2934-4457-9254-3674FD1A1FC9}.Release|iPhone.ActiveCfg = Release|iPhone
		{2D257635-2934-4457-9254-3674FD1A1FC9}.Release|iPhone.Build.0 = Release|iPhone
		{2D257635-2934-4457-9254-3674FD1A1FC9}.Release|iPhone.Deploy.0 = Release|iPhone
		{2D257635-2934-4457-9254-3674FD1A1FC9}.Release|iPhoneSimulator.ActiveCfg = Release|iPhoneSimulator
		{2D257635-2934-4457-9254-3674FD1A1FC9}.Release|iPhoneSimulator.Build.0 = Release|iPhoneSimulator
		{2D257635-2934-4457-9254-3674FD1A1FC9}.Release|iPhoneSimulator.Deploy.0 = Release|iPhoneSimulator
	EndGlobalSection
	GlobalSection(SolutionProperties) = preSolution
		HideSolutionNode = FALSE
	EndGlobalSection
	GlobalSection(ExtensibilityGlobals) = postSolution
		SolutionGuid = {EA0325B0-CD3E-4506-82FC-A252E1D455BA}
	EndGlobalSection
EndGlobal
